github.com/digitorus/pkcs7 v0.0.0-20260914070511-d678ea5ea03f h1:LBDTasGDT7gkpSl3tIq+V4Yy0nr+l+ZmI6VN9MY9FU0=
github.com/digitorus/pkcs7 v0.0.0-20260914070511-d678ea5ea03f/go.mod h1:OQvyvldkvDCxGsUPLSibXqM4B/Pz5RaXQP4CPo5LXs4=
github.com/digitorus/timestamp v0.0.0-20260914073129-b4b58b92aa51 h1:C5oJXjXaNiSSCs4b+yXP3JmMGKgJhuIakXD0UdjhB2k=
github.com/digitorus/timestamp v0.0.0-20260914073129-b4b58b92aa51/go.mod h1:UbWLJjUt4ChMltkeZK0SKTUViVg4839mnQmyH8QWH+Y=
github.com/miekg/pkcs11 v1.1.2 h1:/VxmeAX5qU6Q3EwafypogwWbYryHFmF2RpkJmw3m4MQ=
github.com/miekg/pkcs11 v1.1.2/go.mod h1:XsNlhZGX73bx86s2hdc/FuaLm2CPZJemRLMA+WTFxgs=
golang.org/x/crypto v0.57.0 h1:3ZVCjf8Ggz7zneR/EHRVx68Ctf+2pmIMP2UFhh9cC6M=
golang.org/x/crypto v0.57.0/go.mod h1:Fdz0i5U6CoizGwLda9DttjSk6qlZo25zYNtR+ycvuZA=
software.sslmate.com/src/go-pkcs12 v0.7.3 h1:JBQD3FDqYjTeyDAeZQklj2ar88ykBLtALloPJHyAauU=
software.sslmate.com/src/go-pkcs12 v0.7.3/go.mod h1:Qiz0EyvDRJjjxGyUQa2cCNZn/wMyzrRJ/qcDXOQazLI=
